
Microsoft Visual Studio Solution File, Format Version 12.00
# Visual Studio Version 17
VisualStudioVersion = 17.0.31903.59
MinimumVisualStudioVersion = 10.0.40219.1
Project("{9A19103F-16F7-4668-BE54-9A1E7A4F7556}") = "Business", "Business\Business.csproj", "{E5BCB77F-5ACC-4CB4-AAF3-DF18C331E1FE}"
EndProject
Project("{FAE04EC0-301F-11D3-BF4B-00C04F79EFBC}") = "Core", "Core\Core.csproj", "{04CE74EC-665F-4B87-9A14-8D88DD668962}"
EndProject
Project("{FAE04EC0-301F-11D3-BF4B-00C04F79EFBC}") = "DataAccess", "DataAccess\DataAccess.csproj", "{B999EAF5-5F2E-4A02-B62C-0E1DC689336A}"
EndProject
Project("{FAE04EC0-301F-11D3-BF4B-00C04F79EFBC}") = "Entities", "Entities\Entities.csproj", "{B097CD57-F6FE-4500-8E85-1C13F4CC2398}"
EndProject
Project("{FAE04EC0-301F-11D3-BF4B-00C04F79EFBC}") = "WebApi", "WebApi\WebApi.csproj", "{9C59B0D9-6FE9-45B2-A464-E828E658016E}"
EndProject
Global
	GlobalSection(SolutionConfigurationPlatforms) = preSolution
		Debug|Any CPU = Debug|Any CPU
		Release|Any CPU = Release|Any CPU
	EndGlobalSection
	GlobalSection(ProjectConfigurationPlatforms) = postSolution
		{E5BCB77F-5ACC-4CB4-AAF3-DF18C331E1FE}.Debug|Any CPU.ActiveCfg = Debug|Any CPU
		{E5BCB77F-5ACC-4CB4-AAF3-DF18C331E1FE}.Debug|Any CPU.Build.0 = Debug|Any CPU
		{E5BCB77F-5ACC-4CB4-AAF3-DF18C331E1FE}.Release|Any CPU.ActiveCfg = Release|Any CPU
		{E5BCB77F-5ACC-4CB4-AAF3-DF18C331E1FE}.Release|Any CPU.Build.0 = Release|Any CPU
		{04CE74EC-665F-4B87-9A14-8D88DD668962}.Debug|Any CPU.ActiveCfg = Debug|Any CPU
		{04CE74EC-665F-4B87-9A14-8D88DD668962}.Debug|Any CPU.Build.0 = Debug|Any CPU
		{04CE74EC-665F-4B87-9A14-8D88DD668962}.Release|Any CPU.ActiveCfg = Release|Any CPU
		{04CE74EC-665F-4B87-9A14-8D88DD668962}.Release|Any CPU.Build.0 = Release|Any CPU
		{B999EAF5-5F2E-4A02-B62C-0E1DC689336A}.Debug|Any CPU.ActiveCfg = Debug|Any CPU
		{B999EAF5-5F2E-4A02-B62C-0E1DC689336A}.Debug|Any CPU.Build.0 = Debug|Any CPU
		{B999EAF5-5F2E-4A02-B62C-0E1DC689336A}.Release|Any CPU.ActiveCfg = Release|Any CPU
		{B999EAF5-5F2E-4A02-B62C-0E1DC689336A}.Release|Any CPU.Build.0 = Release|Any CPU
		{B097CD57-F6FE-4500-8E85-1C13F4CC2398}.Debug|Any CPU.ActiveCfg = Debug|Any CPU
		{B097CD57-F6FE-4500-8E85-1C13F4CC2398}.Debug|Any CPU.Build.0 = Debug|Any CPU
		{B097CD57-F6FE-4500-8E85-1C13F4CC2398}.Release|Any CPU.ActiveCfg = Release|Any CPU
		{B097CD57-F6FE-4500-8E85-1C13F4CC2398}.Release|Any CPU.Build.0 = Release|Any CPU
		{9C59B0D9-6FE9-45B2-A464-E828E658016E}.Debug|Any CPU.ActiveCfg = Debug|Any CPU
		{9C59B0D9-6FE9-45B2-A464-E828E658016E}.Debug|Any CPU.Build.0 = Debug|Any CPU
		{9C59B0D9-6FE9-45B2-A464-E828E658016E}.Release|Any CPU.ActiveCfg = Release|Any CPU
		{9C59B0D9-6FE9-45B2-A464-E828E658016E}.Release|Any CPU.Build.0 = Release|Any CPU
	EndGlobalSection
	GlobalSection(SolutionProperties) = preSolution
		HideSolutionNode = FALSE
	EndGlobalSection
	GlobalSection(ExtensibilityGlobals) = postSolution
		SolutionGuid = {E01CE3B4-6A7B-4F1F-8123-712E22636112}
	EndGlobalSection
EndGlobal
